PODS:
  - core (0.1.0):
    - core/all (= 0.1.0)
    - core/notifications (= 0.1.0)
    - Crashlytics (= 3.10.7)
  - core/all (0.1.0):
    - Crashlytics (= 3.10.7)
    - Dip (= 7.0.1)
    - GRDB.swift (= 3.6.1)
    - RxBlocking (= 4.4.2)
    - RxGRDB (= 0.13.0)
    - RxSwift (= 4.4.2)
  - core/notifications (0.1.0):
    - Crashlytics (= 3.10.7)
  - Crashlytics (3.10.7):
    - Fabric (~> 1.7.11)
  - Dip (7.0.1)
  - Fabric (1.7.13)
  - GRDB.swift (3.6.1)
  - RxAtomic (4.4.2)
  - RxBlocking (4.4.2):
    - RxAtomic (>= 4.4.2, ~> 4.4)
    - RxSwift (>= 4.4.2, ~> 4.4)
  - RxGRDB (0.13.0):
    - RxGRDB/default (= 0.13.0)
    - RxSwift (~> 4.0)
  - RxGRDB/default (0.13.0):
    - GRDB.swift (~> 3.5)
    - RxSwift (~> 4.0)
  - RxSwift (4.4.2):
    - RxAtomic (>= 4.4.2, ~> 4.4)

DEPENDENCIES:
  - core (from `../core`)

SPEC REPOS:
  https://github.com/cocoapods/specs.git:
    - Crashlytics
    - Dip
    - Fabric
    - GRDB.swift
    - RxAtomic
    - RxBlocking
    - RxGRDB
    - RxSwift

EXTERNAL SOURCES:
  core:
    :path: "../core"

SPEC CHECKSUMS:
  core: 71105d2105b098e83c0fa19d96407bd90a3ec1ee
  Crashlytics: ccaac42660eb9351b9960c0d66106b0bcf99f4fa
  Dip: 79509d5dc4f648e10e922ed79c608a7761c52b13
  Fabric: 25d0963b691fc97be566392243ff0ecef5a68338
  GRDB.swift: 2ea998984ce0d8b869917e1452b5d87f1ec5e0dd
  RxAtomic: d00e97c10db88c6f08540e0bf2752fc5a2404167
  RxBlocking: e96fdda1473d81332a6ed2cface935dc2167a122
  RxGRDB: 4e2686821ae8f8507c6d6d00d3083ae2df84fea3
  RxSwift: 74c29b693c8e42b0f64400e8b06564575742d649

PODFILE CHECKSUM: 7a0a3495091d6bf2394d68eb88a6fe6697a1e11f

COCOAPODS: 1.7.1
