PODS:
  - core (0.1.0):
    - core/all (= 0.1.0)
    - core/notifications (= 0.1.0)
    - Firebase/Crashlytics (= 7)
    - GoogleUtilities
  - core/all (0.1.0):
    - Dip (= 7.0.1)
    - Firebase/Crashlytics (= 7)
    - GoogleUtilities
    - GRDB.swift (= 4.14.0)
    - RxBlocking (= 5.0.1)
    - RxGRDB (= 0.18.0)
    - RxSwift (= 5.0.1)
  - core/notifications (0.1.0):
    - Firebase/Crashlytics (= 7)
    - GoogleUtilities
  - Dip (7.0.1)
  - Firebase/CoreOnly (7.0.0):
    - FirebaseCore (= 7.0.0)
  - Firebase/Crashlytics (7.0.0):
    - Firebase/CoreOnly
    - FirebaseCrashlytics (~> 7.0.0)
  - FirebaseCore (7.0.0):
    - FirebaseCoreDiagnostics (~> 7.0)
    - GoogleUtilities/Environment (~> 7.0)
    - GoogleUtilities/Logger (~> 7.0)
  - FirebaseCoreDiagnostics (7.0.0):
    - GoogleDataTransport (~> 8.0)
    - GoogleUtilities/Environment (~> 7.0)
    - GoogleUtilities/Logger (~> 7.0)
    - nanopb (~> 2.30906.0)
  - FirebaseCrashlytics (7.0.0):
    - FirebaseCore (~> 7.0)
    - FirebaseInstallations (~> 7.0)
    - GoogleDataTransport (~> 8.0)
    - nanopb (~> 2.30906.0)
    - PromisesObjC (~> 1.2)
  - FirebaseInstallations (7.0.0):
    - FirebaseCore (~> 7.0)
    - GoogleUtilities/Environment (~> 7.0)
    - GoogleUtilities/UserDefaults (~> 7.0)
    - PromisesObjC (~> 1.2)
  - GoogleDataTransport (8.0.0):
    - nanopb (~> 2.30906.0)
  - GoogleUtilities (7.0.0):
    - GoogleUtilities/AppDelegateSwizzler (= 7.0.0)
    - GoogleUtilities/Environment (= 7.0.0)
    - GoogleUtilities/ISASwizzler (= 7.0.0)
    - GoogleUtilities/Logger (= 7.0.0)
    - GoogleUtilities/MethodSwizzler (= 7.0.0)
    - GoogleUtilities/Network (= 7.0.0)
    - "GoogleUtilities/NSData+zlib (= 7.0.0)"
    - GoogleUtilities/Reachability (= 7.0.0)
    - GoogleUtilities/SwizzlerTestHelpers (= 7.0.0)
    - GoogleUtilities/UserDefaults (= 7.0.0)
  - GoogleUtilities/AppDelegateSwizzler (7.0.0):
    - GoogleUtilities/Environment
    - GoogleUtilities/Logger
    - GoogleUtilities/Network
  - GoogleUtilities/Environment (7.0.0):
    - PromisesObjC (~> 1.2)
  - GoogleUtilities/ISASwizzler (7.0.0)
  - GoogleUtilities/Logger (7.0.0):
    - GoogleUtilities/Environment
  - GoogleUtilities/MethodSwizzler (7.0.0):
    - GoogleUtilities/Logger
  - GoogleUtilities/Network (7.0.0):
    - GoogleUtilities/Logger
    - "GoogleUtilities/NSData+zlib"
    - GoogleUtilities/Reachability
  - "GoogleUtilities/NSData+zlib (7.0.0)"
  - GoogleUtilities/Reachability (7.0.0):
    - GoogleUtilities/Logger
  - GoogleUtilities/SwizzlerTestHelpers (7.0.0):
    - GoogleUtilities/MethodSwizzler
  - GoogleUtilities/UserDefaults (7.0.0):
    - GoogleUtilities/Logger
  - GRDB.swift (4.14.0):
    - GRDB.swift/standard (= 4.14.0)
  - GRDB.swift/standard (4.14.0)
  - nanopb (2.30906.0):
    - nanopb/decode (= 2.30906.0)
    - nanopb/encode (= 2.30906.0)
  - nanopb/decode (2.30906.0)
  - nanopb/encode (2.30906.0)
  - PromisesObjC (1.2.11)
  - RxBlocking (5.0.1):
    - RxSwift (~> 5)
  - RxGRDB (0.18.0):
    - RxGRDB/default (= 0.18.0)
    - RxSwift (~> 5.0)
  - RxGRDB/default (0.18.0):
    - GRDB.swift (~> 4.1)
    - RxSwift (~> 5.0)
  - RxSwift (5.0.1)

DEPENDENCIES:
  - core (from `../core`)

SPEC REPOS:
  trunk:
    - Dip
    - Firebase
    - FirebaseCore
    - FirebaseCoreDiagnostics
    - FirebaseCrashlytics
    - FirebaseInstallations
    - GoogleDataTransport
    - GoogleUtilities
    - GRDB.swift
    - nanopb
    - PromisesObjC
    - RxBlocking
    - RxGRDB
    - RxSwift

EXTERNAL SOURCES:
  core:
    :path: "../core"

SPEC CHECKSUMS:
  core: 9eb3562c6a162cedf3ca9c670cf44239608e4b96
  Dip: 79509d5dc4f648e10e922ed79c608a7761c52b13
  Firebase: 50be68416f50eb4eb2ecb0e78acab9a051ef95df
  FirebaseCore: cf3122185fce1cf71cedbbc498ea84d2b3e7cb69
  FirebaseCoreDiagnostics: 5f4aa04fdb04923693cc704c7ef9158bdf41a48b
  FirebaseCrashlytics: bd430b7323e8b49492a93e563e81899d0615f917
  FirebaseInstallations: c28d4bcbb5c6884d1a39afbc0bd7fc590e31e9b7
  GoogleDataTransport: 6ce8004a961db1b905740d7be106c61ba7e89c21
  GoogleUtilities: ffb2f4159f2c897c6e8992bd7fbcdef8a300589c
  GRDB.swift: 8cc3ab7c8b8b4ac1761deb8dca4b51c1c9d429f8
  nanopb: 1bf24dd71191072e120b83dd02d08f3da0d65e53
  PromisesObjC: 8c196f5a328c2cba3e74624585467a557dcb482f
  RxBlocking: c5e090f42d046df8b0e7752742510f349963710f
  RxGRDB: 41dfd8f987aad7a7bdd7c420319d3eb23ee383f3
  RxSwift: e2dc62b366a3adf6a0be44ba9f405efd4c94e0c4

PODFILE CHECKSUM: 7a0a3495091d6bf2394d68eb88a6fe6697a1e11f

COCOAPODS: 1.10.0
