PODS:
  - core (0.1.0):
    - core/all (= 0.1.0)
    - core/notifications (= 0.1.0)
    - Crashlytics (= 3.14.0)
  - core/all (0.1.0):
    - Crashlytics (= 3.14.0)
    - Dip (= 7.0.1)
    - GRDB.swift (= 4.14.0)
    - RxBlocking (= 5.0.1)
    - RxGRDB (= 0.18.0)
    - RxSwift (= 5.0.1)
  - core/notifications (0.1.0):
    - Crashlytics (= 3.14.0)
  - Crashlytics (3.14.0):
    - Fabric (~> 1.10.2)
  - Dip (7.0.1)
  - Fabric (1.10.2)
  - GRDB.swift (4.14.0):
    - GRDB.swift/standard (= 4.14.0)
  - GRDB.swift/standard (4.14.0)
  - RxBlocking (5.0.1):
    - RxSwift (~> 5)
  - RxGRDB (0.18.0):
    - RxGRDB/default (= 0.18.0)
    - RxSwift (~> 5.0)
  - RxGRDB/default (0.18.0):
    - GRDB.swift (~> 4.1)
    - RxSwift (~> 5.0)
  - RxSwift (5.0.1)

DEPENDENCIES:
  - core (from `../core`)

SPEC REPOS:
  trunk:
    - Crashlytics
    - Dip
    - Fabric
    - GRDB.swift
    - RxBlocking
    - RxGRDB
    - RxSwift

EXTERNAL SOURCES:
  core:
    :path: "../core"

SPEC CHECKSUMS:
  core: bac22ea55859ac42d1c125c4009b0182f6169ffe
  Crashlytics: 540b7e5f5da5a042647227a5e3ac51d85eed06df
  Dip: 79509d5dc4f648e10e922ed79c608a7761c52b13
  Fabric: 706c8b8098fff96c33c0db69cbf81f9c551d0d74
  GRDB.swift: 8cc3ab7c8b8b4ac1761deb8dca4b51c1c9d429f8
  RxBlocking: c5e090f42d046df8b0e7752742510f349963710f
  RxGRDB: 41dfd8f987aad7a7bdd7c420319d3eb23ee383f3
  RxSwift: e2dc62b366a3adf6a0be44ba9f405efd4c94e0c4

PODFILE CHECKSUM: 7a0a3495091d6bf2394d68eb88a6fe6697a1e11f

COCOAPODS: 1.9.1
