PODS:
  - AppAuth (1.4.0):
    - AppAuth/Core (= 1.4.0)
    - AppAuth/ExternalUserAgent (= 1.4.0)
  - AppAuth/Core (1.4.0)
  - AppAuth/ExternalUserAgent (1.4.0)
  - core (0.1.0):
    - core/all (= 0.1.0)
    - core/notifications (= 0.1.0)
    - Firebase/Crashlytics (= 7.1)
    - GoogleUtilities
  - core/all (0.1.0):
    - Dip (= 7.0.1)
    - Firebase/Crashlytics (= 7.1)
    - GoogleAPIClientForREST/Drive (= 1.5.1)
    - GoogleSignIn (= 5.0.2)
    - GoogleUtilities
    - GRDB.swift (= 4.14.0)
    - RxBlocking (= 5.0.1)
    - RxGRDB (= 0.18.0)
    - RxSwift (= 5.0.1)
  - core/notifications (0.1.0):
    - Firebase/Crashlytics (= 7.1)
    - GoogleUtilities
  - core/Tests (0.1.0):
    - Firebase/Crashlytics (= 7.1)
    - GoogleUtilities
  - Dip (7.0.1)
  - Firebase/Analytics (7.1.0):
    - Firebase/Core
  - Firebase/Core (7.1.0):
    - Firebase/CoreOnly
    - FirebaseAnalytics (= 7.1.0)
  - Firebase/CoreOnly (7.1.0):
    - FirebaseCore (= 7.1.0)
  - Firebase/Crashlytics (7.1.0):
    - Firebase/CoreOnly
    - FirebaseCrashlytics (~> 7.1.0)
  - Firebase/Messaging (7.1.0):
    - Firebase/CoreOnly
    - FirebaseMessaging (~> 7.1.0)
  - FirebaseAnalytics (7.1.0):
    - FirebaseCore (~> 7.0)
    - FirebaseInstallations (~> 7.0)
    - GoogleAppMeasurement (= 7.1.0)
    - GoogleUtilities/AppDelegateSwizzler (~> 7.0)
    - GoogleUtilities/MethodSwizzler (~> 7.0)
    - GoogleUtilities/Network (~> 7.0)
    - "GoogleUtilities/NSData+zlib (~> 7.0)"
    - nanopb (~> 2.30906.0)
  - FirebaseCore (7.1.0):
    - FirebaseCoreDiagnostics (~> 7.0)
    - GoogleUtilities/Environment (~> 7.0)
    - GoogleUtilities/Logger (~> 7.0)
  - FirebaseCoreDiagnostics (7.1.0):
    - GoogleDataTransport (~> 8.0)
    - GoogleUtilities/Environment (~> 7.0)
    - GoogleUtilities/Logger (~> 7.0)
    - nanopb (~> 2.30906.0)
  - FirebaseCrashlytics (7.1.0):
    - FirebaseCore (~> 7.0)
    - FirebaseInstallations (~> 7.0)
    - GoogleDataTransport (~> 8.0)
    - nanopb (~> 2.30906.0)
    - PromisesObjC (~> 1.2)
  - FirebaseInstallations (7.1.0):
    - FirebaseCore (~> 7.0)
    - GoogleUtilities/Environment (~> 7.0)
    - GoogleUtilities/UserDefaults (~> 7.0)
    - PromisesObjC (~> 1.2)
  - FirebaseInstanceID (7.1.0):
    - FirebaseCore (~> 7.0)
    - FirebaseInstallations (~> 7.0)
    - GoogleUtilities/Environment (~> 7.0)
    - GoogleUtilities/UserDefaults (~> 7.0)
  - FirebaseMessaging (7.1.0):
    - FirebaseCore (~> 7.0)
    - FirebaseInstanceID (~> 7.0)
    - GoogleUtilities/AppDelegateSwizzler (~> 7.0)
    - GoogleUtilities/Environment (~> 7.0)
    - GoogleUtilities/Reachability (~> 7.0)
    - GoogleUtilities/UserDefaults (~> 7.0)
  - GoogleAPIClientForREST/Core (1.5.1):
    - GTMSessionFetcher (>= 1.1.7)
  - GoogleAPIClientForREST/Drive (1.5.1):
    - GoogleAPIClientForREST/Core
    - GTMSessionFetcher (>= 1.1.7)
  - GoogleAppMeasurement (7.1.0):
    - GoogleUtilities/AppDelegateSwizzler (~> 7.0)
    - GoogleUtilities/MethodSwizzler (~> 7.0)
    - GoogleUtilities/Network (~> 7.0)
    - "GoogleUtilities/NSData+zlib (~> 7.0)"
    - nanopb (~> 2.30906.0)
  - GoogleDataTransport (8.0.1):
    - nanopb (~> 2.30906.0)
  - GoogleSignIn (5.0.2):
    - AppAuth (~> 1.2)
    - GTMAppAuth (~> 1.0)
    - GTMSessionFetcher/Core (~> 1.1)
  - GoogleUtilities (7.1.0):
    - GoogleUtilities/AppDelegateSwizzler (= 7.1.0)
    - GoogleUtilities/Environment (= 7.1.0)
    - GoogleUtilities/ISASwizzler (= 7.1.0)
    - GoogleUtilities/Logger (= 7.1.0)
    - GoogleUtilities/MethodSwizzler (= 7.1.0)
    - GoogleUtilities/Network (= 7.1.0)
    - "GoogleUtilities/NSData+zlib (= 7.1.0)"
    - GoogleUtilities/Reachability (= 7.1.0)
    - GoogleUtilities/SwizzlerTestHelpers (= 7.1.0)
    - GoogleUtilities/UserDefaults (= 7.1.0)
  - GoogleUtilities/AppDelegateSwizzler (7.1.0):
    - GoogleUtilities/Environment
    - GoogleUtilities/Logger
    - GoogleUtilities/Network
  - GoogleUtilities/Environment (7.1.0):
    - PromisesObjC (~> 1.2)
  - GoogleUtilities/ISASwizzler (7.1.0)
  - GoogleUtilities/Logger (7.1.0):
    - GoogleUtilities/Environment
  - GoogleUtilities/MethodSwizzler (7.1.0):
    - GoogleUtilities/Logger
  - GoogleUtilities/Network (7.1.0):
    - GoogleUtilities/Logger
    - "GoogleUtilities/NSData+zlib"
    - GoogleUtilities/Reachability
  - "GoogleUtilities/NSData+zlib (7.1.0)"
  - GoogleUtilities/Reachability (7.1.0):
    - GoogleUtilities/Logger
  - GoogleUtilities/SwizzlerTestHelpers (7.1.0):
    - GoogleUtilities/MethodSwizzler
  - GoogleUtilities/UserDefaults (7.1.0):
    - GoogleUtilities/Logger
  - GRDB.swift (4.14.0):
    - GRDB.swift/standard (= 4.14.0)
  - GRDB.swift/standard (4.14.0)
  - GTMAppAuth (1.1.0):
    - AppAuth/Core (~> 1.4)
    - GTMSessionFetcher (~> 1.4)
  - GTMSessionFetcher (1.5.0):
    - GTMSessionFetcher/Full (= 1.5.0)
  - GTMSessionFetcher/Core (1.5.0)
  - GTMSessionFetcher/Full (1.5.0):
    - GTMSessionFetcher/Core (= 1.5.0)
  - lottie-ios (3.0.6)
  - nanopb (2.30906.0):
    - nanopb/decode (= 2.30906.0)
    - nanopb/encode (= 2.30906.0)
  - nanopb/decode (2.30906.0)
  - nanopb/encode (2.30906.0)
  - PromisesObjC (1.2.11)
  - RxBlocking (5.0.1):
    - RxSwift (~> 5)
  - RxGRDB (0.18.0):
    - RxGRDB/default (= 0.18.0)
    - RxSwift (~> 5.0)
  - RxGRDB/default (0.18.0):
    - GRDB.swift (~> 4.1)
    - RxSwift (~> 5.0)
  - RxSwift (5.0.1)
  - SwiftGen (6.4.0)

DEPENDENCIES:
  - core (from `../core`)
  - core/notifications (from `../core`)
  - core/Tests (from `../core`)
  - Firebase/Analytics (= 7.1.0)
  - Firebase/Core (= 7.1.0)
  - Firebase/Crashlytics (= 7.1.0)
  - Firebase/Messaging (= 7.1.0)
  - GoogleAPIClientForREST/Drive (= 1.5.1)
  - GoogleSignIn (= 5.0.2)
  - GoogleUtilities
  - lottie-ios (= 3.0.6)
  - SwiftGen (~> 6.0)

SPEC REPOS:
  trunk:
    - AppAuth
    - Dip
    - Firebase
    - FirebaseAnalytics
    - FirebaseCore
    - FirebaseCoreDiagnostics
    - FirebaseCrashlytics
    - FirebaseInstallations
    - FirebaseInstanceID
    - FirebaseMessaging
    - GoogleAPIClientForREST
    - GoogleAppMeasurement
    - GoogleDataTransport
    - GoogleSignIn
    - GoogleUtilities
    - GRDB.swift
    - GTMAppAuth
    - GTMSessionFetcher
    - lottie-ios
    - nanopb
    - PromisesObjC
    - RxBlocking
    - RxGRDB
    - RxSwift
    - SwiftGen

EXTERNAL SOURCES:
  core:
    :path: "../core"

SPEC CHECKSUMS:
  AppAuth: 31bcec809a638d7bd2f86ea8a52bd45f6e81e7c7
  core: bc10d649d004c995bd9e5c6baa21bf84dae2c726
  Dip: 79509d5dc4f648e10e922ed79c608a7761c52b13
  Firebase: 78e8dd2e39d653de6270432ad84fe8b59f7bf4e8
  FirebaseAnalytics: 7f165a56dea86ddd5b8ce02af3bee982c683405c
  FirebaseCore: 20046127eef0fcb8fa25df7fc12f7b97d4e48611
  FirebaseCoreDiagnostics: 872cdb9b749b23346dddd5c1014d1babd2257de3
  FirebaseCrashlytics: c722e4ca283272eb90eb5bc245fdc6588e2f22c2
  FirebaseInstallations: 3de38553e86171b5f81d83cdeef63473d37bfdb0
  FirebaseInstanceID: 61e8d10a4192a582c6239378169d10e504ca8d91
  FirebaseMessaging: 076054895c9260f82c7304cc7709dbf19b8f3e4a
  GoogleAPIClientForREST: 4bb409633efcc2e1b3f945afe7e35039b5a61db2
  GoogleAppMeasurement: 89e1a64593f968713b0506ba1b53b38a154bf9a5
  GoogleDataTransport: e4085e6762f36a6141738f46b0153473ce57fb18
  GoogleSignIn: 7137d297ddc022a7e0aa4619c86d72c909fa7213
  GoogleUtilities: f734da554aade8cc7928a31c2f3311897933a1bd
  GRDB.swift: 8cc3ab7c8b8b4ac1761deb8dca4b51c1c9d429f8
  GTMAppAuth: 197a8dabfea5d665224aa00d17f164fc2248dab9
  GTMSessionFetcher: b3503b20a988c4e20cc189aa798fd18220133f52
  lottie-ios: d030b6cda141cfd8bbaa3db89264785e6fdf675a
  nanopb: 1bf24dd71191072e120b83dd02d08f3da0d65e53
  PromisesObjC: 8c196f5a328c2cba3e74624585467a557dcb482f
  RxBlocking: c5e090f42d046df8b0e7752742510f349963710f
  RxGRDB: 41dfd8f987aad7a7bdd7c420319d3eb23ee383f3
  RxSwift: e2dc62b366a3adf6a0be44ba9f405efd4c94e0c4
  SwiftGen: 67860cc7c3cfc2ed25b9b74cfd55495fc89f9108

PODFILE CHECKSUM: 95ac1255bd9e435e18dec19ccabfbaf91fc6a1e5

COCOAPODS: 1.10.0
